
Microsoft Visual Studio Solution File, Format Version 12.00
# Visual Studio Version 16
VisualStudioVersion = 16.0.29613.14
MinimumVisualStudioVersion = 10.0.40219.1
Project("{FAE04EC0-301F-11D3-BF4B-00C04F79EFBC}") = "RemoveExtraBlanks", "RemoveExtraBlanks\RemoveExtraBlanks.csproj", "{DC2A6AF6-3B45-445B-970D-E82939B9725D}"
EndProject
Project("{FAE04EC0-301F-11D3-BF4B-00C04F79EFBC}") = "RemoveExtraBlanksTests", "RemoveExtraBlanksTests\RemoveExtraBlanksTests.csproj", "{6EABB916-6FCD-43F7-9FBD-DA679684F0F7}"
EndProject
Global
	GlobalSection(SolutionConfigurationPlatforms) = preSolution
		Debug|Any CPU = Debug|Any CPU
		Release|Any CPU = Release|Any CPU
	EndGlobalSection
	GlobalSection(ProjectConfigurationPlatforms) = postSolution
		{DC2A6AF6-3B45-445B-970D-E82939B9725D}.Debug|Any CPU.ActiveCfg = Debug|Any CPU
		{DC2A6AF6-3B45-445B-970D-E82939B9725D}.Debug|Any CPU.Build.0 = Debug|Any CPU
		{DC2A6AF6-3B45-445B-970D-E82939B9725D}.Release|Any CPU.ActiveCfg = Release|Any CPU
		{DC2A6AF6-3B45-445B-970D-E82939B9725D}.Release|Any CPU.Build.0 = Release|Any CPU
		{6EABB916-6FCD-43F7-9FBD-DA679684F0F7}.Debug|Any CPU.ActiveCfg = Debug|Any CPU
		{6EABB916-6FCD-43F7-9FBD-DA679684F0F7}.Debug|Any CPU.Build.0 = Debug|Any CPU
		{6EABB916-6FCD-43F7-9FBD-DA679684F0F7}.Release|Any CPU.ActiveCfg = Release|Any CPU
		{6EABB916-6FCD-43F7-9FBD-DA679684F0F7}.Release|Any CPU.Build.0 = Release|Any CPU
	EndGlobalSection
	GlobalSection(SolutionProperties) = preSolution
		HideSolutionNode = FALSE
	EndGlobalSection
	GlobalSection(ExtensibilityGlobals) = postSolution
		SolutionGuid = {596653D0-7566-4F42-A2BF-C7C28A7E6CE5}
	EndGlobalSection
EndGlobal
